
Microsoft Visual Studio Solution File, Format Version 12.00
# Visual Studio Version 16
VisualStudioVersion = 16.0.30717.126
MinimumVisualStudioVersion = 10.0.40219.1
Project("{FAE04EC0-301F-11D3-BF4B-00C04F79EFBC}") = "ChessAI", "ChessAI\ChessAI.csproj", "{B16DE975-18C1-4681-BC73-E0964746270E}"
EndProject
Project("{9A19103F-16F7-4668-BE54-9A1E7A4F7556}") = "ChessAi.Domain", "Domain\ChessAi.Domain.csproj", "{BF017765-2B6E-4B09-8992-71F10DADB9CE}"
EndProject
Project("{9A19103F-16F7-4668-BE54-9A1E7A4F7556}") = "ChessAi.Application.WebApi", "ChessAi.Application.WebApi\ChessAi.Application.WebApi.csproj", "{52C94974-ED31-4857-96C4-D15E050CB140}"
EndProject
Project("{FAE04EC0-301F-11D3-BF4B-00C04F79EFBC}") = "ChessAi.Application", "Application\ChessAi.Application.csproj", "{FA6E5746-F1B2-4E34-866A-AE52AB8BCDB4}"
EndProject
Global
	GlobalSection(SolutionConfigurationPlatforms) = preSolution
		Debug|Any CPU = Debug|Any CPU
		Release|Any CPU = Release|Any CPU
	EndGlobalSection
	GlobalSection(ProjectConfigurationPlatforms) = postSolution
		{B16DE975-18C1-4681-BC73-E0964746270E}.Debug|Any CPU.ActiveCfg = Debug|Any CPU
		{B16DE975-18C1-4681-BC73-E0964746270E}.Debug|Any CPU.Build.0 = Debug|Any CPU
		{B16DE975-18C1-4681-BC73-E0964746270E}.Release|Any CPU.ActiveCfg = Release|Any CPU
		{B16DE975-18C1-4681-BC73-E0964746270E}.Release|Any CPU.Build.0 = Release|Any CPU
		{BF017765-2B6E-4B09-8992-71F10DADB9CE}.Debug|Any CPU.ActiveCfg = Debug|Any CPU
		{BF017765-2B6E-4B09-8992-71F10DADB9CE}.Debug|Any CPU.Build.0 = Debug|Any CPU
		{BF017765-2B6E-4B09-8992-71F10DADB9CE}.Release|Any CPU.ActiveCfg = Release|Any CPU
		{BF017765-2B6E-4B09-8992-71F10DADB9CE}.Release|Any CPU.Build.0 = Release|Any CPU
		{52C94974-ED31-4857-96C4-D15E050CB140}.Debug|Any CPU.ActiveCfg = Debug|Any CPU
		{52C94974-ED31-4857-96C4-D15E050CB140}.Debug|Any CPU.Build.0 = Debug|Any CPU
		{52C94974-ED31-4857-96C4-D15E050CB140}.Release|Any CPU.ActiveCfg = Release|Any CPU
		{52C94974-ED31-4857-96C4-D15E050CB140}.Release|Any CPU.Build.0 = Release|Any CPU
		{FA6E5746-F1B2-4E34-866A-AE52AB8BCDB4}.Debug|Any CPU.ActiveCfg = Debug|Any CPU
		{FA6E5746-F1B2-4E34-866A-AE52AB8BCDB4}.Debug|Any CPU.Build.0 = Debug|Any CPU
		{FA6E5746-F1B2-4E34-866A-AE52AB8BCDB4}.Release|Any CPU.ActiveCfg = Release|Any CPU
		{FA6E5746-F1B2-4E34-866A-AE52AB8BCDB4}.Release|Any CPU.Build.0 = Release|Any CPU
	EndGlobalSection
	GlobalSection(SolutionProperties) = preSolution
		HideSolutionNode = FALSE
	EndGlobalSection
	GlobalSection(ExtensibilityGlobals) = postSolution
		SolutionGuid = {6A6DD704-0FB9-453E-92E4-0F46AFDAC945}
	EndGlobalSection
EndGlobal
